
Microsoft Visual Studio Solution File, Format Version 12.00
# Visual Studio Version 17
VisualStudioVersion = 17.5.33424.131
MinimumVisualStudioVersion = 10.0.40219.1
Project("{FAE04EC0-301F-11D3-BF4B-00C04F79EFBC}") = "GroupProject", "GroupProject\GroupProject.csproj", "{0C01D13C-92B3-4F78-8FBF-8905B27C9555}"
EndProject
Global
	GlobalSection(SolutionConfigurationPlatforms) = preSolution
		Debug|Any CPU = Debug|Any CPU
		Release|Any CPU = Release|Any CPU
	EndGlobalSection
	GlobalSection(ProjectConfigurationPlatforms) = postSolution
		{0C01D13C-92B3-4F78-8FBF-8905B27C9555}.Debug|Any CPU.ActiveCfg = Debug|Any CPU
		{0C01D13C-92B3-4F78-8FBF-8905B27C9555}.Debug|Any CPU.Build.0 = Debug|Any CPU
		{0C01D13C-92B3-4F78-8FBF-8905B27C9555}.Release|Any CPU.ActiveCfg = Release|Any CPU
		{0C01D13C-92B3-4F78-8FBF-8905B27C9555}.Release|Any CPU.Build.0 = Release|Any CPU
	EndGlobalSection
	GlobalSection(SolutionProperties) = preSolution
		HideSolutionNode = FALSE
	EndGlobalSection
	GlobalSection(ExtensibilityGlobals) = postSolution
		SolutionGuid = {5D05B62C-9A6A-4896-AC34-CE0973A19191}
	EndGlobalSection
EndGlobal
